
Microsoft Visual Studio Solution File, Format Version 12.00
# Visual Studio Version 16
VisualStudioVersion = 16.0.31402.337
MinimumVisualStudioVersion = 10.0.40219.1
Project("{FAE04EC0-301F-11D3-BF4B-00C04F79EFBC}") = "TP DSI 2021", "TP DSI 2021\TP DSI 2021.csproj", "{70EFBFAE-5040-4BF4-924A-5F8316194041}"
EndProject
Global
	GlobalSection(SolutionConfigurationPlatforms) = preSolution
		Debug|Any CPU = Debug|Any CPU
		Release|Any CPU = Release|Any CPU
	EndGlobalSection
	GlobalSection(ProjectConfigurationPlatforms) = postSolution
		{70EFBFAE-5040-4BF4-924A-5F8316194041}.Debug|Any CPU.ActiveCfg = Debug|Any CPU
		{70EFBFAE-5040-4BF4-924A-5F8316194041}.Debug|Any CPU.Build.0 = Debug|Any CPU
		{70EFBFAE-5040-4BF4-924A-5F8316194041}.Release|Any CPU.ActiveCfg = Release|Any CPU
		{70EFBFAE-5040-4BF4-924A-5F8316194041}.Release|Any CPU.Build.0 = Release|Any CPU
	EndGlobalSection
	GlobalSection(SolutionProperties) = preSolution
		HideSolutionNode = FALSE
	EndGlobalSection
	GlobalSection(ExtensibilityGlobals) = postSolution
		SolutionGuid = {A2654F19-6532-4A5B-BB72-20347BACA9E1}
	EndGlobalSection
EndGlobal
